{
  "name": "CEN4910b",
  "lockfileVersion": 2,
  "requires": true,
  "packages": {
    "": {
      "dependencies": {
        "angular-video-background": "^1.0.3"
      }
    },
    "node_modules/angular-video-background": {
      "version": "1.0.3",
      "resolved": "https://registry.npmjs.org/angular-video-background/-/angular-video-background-1.0.3.tgz",
      "integrity": "sha512-ugnlH4xCGq87bgn3aTPu6yrbgNv9KFbMG4MJGXhiUUFLaFNdwQZxOdMatdCk2P6fWJmwTlQ9EHiTAPFbUtxsNw=="
    }
  },
  "dependencies": {
    "angular-video-background": {
      "version": "1.0.3",
      "resolved": "https://registry.npmjs.org/angular-video-background/-/angular-video-background-1.0.3.tgz",
      "integrity": "sha512-ugnlH4xCGq87bgn3aTPu6yrbgNv9KFbMG4MJGXhiUUFLaFNdwQZxOdMatdCk2P6fWJmwTlQ9EHiTAPFbUtxsNw=="
    }
  }
}
